github.com/dandiirwanto20/go-say-hello v1.0.0 h1:bxnDAXAZk9yrKRy8OpxKAJafuA4mIn3rKMvRY5x6vKk=
github.com/dandiirwanto20/go-say-hello v1.0.0/go.mod h1:hORJwe9Xp8l+UDJXBKgWw+FhgdePumYDip8uRGNJQCI=
github.com/dandiirwanto20/go-say-hello v1.5.0 h1:9pK81LGpGSEUxIXPAX7hxQEjlxIZqd65YqhNMThO8jo=
github.com/dandiirwanto20/go-say-hello v1.5.0/go.mod h1:hORJwe9Xp8l+UDJXBKgWw+FhgdePumYDip8uRGNJQCI=
github.com/dandiirwanto20/go-say-hello/v2 v2.0.0 h1:LfWFhx8OjR0gHxlui9ROl+xrESkeak8dJ6XCr+a1W8Y=
github.com/dandiirwanto20/go-say-hello/v2 v2.0.0/go.mod h1:fHo2MaXR5S08lzY/Pi9qbkuCLRLnS7bzA33m69Y0bZ8=
